<?xml version="1.0" encoding="UTF-8"?>
<CodeBlocks_project_file>
	<FileVersion major="1" minor="6"/>
	<Project>
		<Option title="tprt"/>
		<Option makefile_is_custom="1"/>
		<Option compiler="gcc"/>
		<Option virtualFolders="CMake Files\;CMake Files\..\;CMake Files\..\..\;CMake Files\..\..\..\;CMake Files\..\..\..\usr\;CMake Files\..\..\..\usr\local\;CMake Files\..\..\..\usr\local\share\;CMake Files\..\..\..\usr\local\share\eigen3\;CMake Files\..\..\..\usr\local\share\eigen3\cmake\;CMake Files\..\..\..\usr\local\share\segyio\;CMake Files\..\..\..\usr\local\share\segyio\cmake\;CMake Files\..\..\..\usr\local\lib\;CMake Files\..\..\..\usr\local\lib\cmake\;CMake Files\..\..\..\usr\local\lib\cmake\nlopt\;CMake Files\..\..\..\usr\local\cmake\;CMake Files\..\..\..\usr\lib\;CMake Files\..\..\..\usr\lib\x86_64-linux-gnu\;CMake Files\..\..\..\usr\lib\x86_64-linux-gnu\cmake\;CMake Files\..\..\..\usr\lib\x86_64-linux-gnu\cmake\Boost-1.71.0\;CMake Files\..\..\..\usr\lib\x86_64-linux-gnu\cmake\boost_headers-1.71.0\;CMake Files\..\..\..\usr\lib\cmake\;CMake Files\..\..\..\usr\lib\cmake\RapidJSON\;"/>
		<Build>
			<Target title="all">
				<Option working_dir="/home/laravelk/project_tprt"/>
				<Option type="4"/>
				<MakeCommands>
					<Build command="/usr/bin/make -j12 -f &quot;/home/laravelk/project_tprt/Makefile&quot;  VERBOSE=1 all"/>
					<CompileFile command="/usr/bin/make -j12 -f &quot;/home/laravelk/project_tprt/Makefile&quot;  VERBOSE=1 &quot;$file&quot;"/>
					<Clean command="/usr/bin/make -j12 -f &quot;/home/laravelk/project_tprt/Makefile&quot;  VERBOSE=1 clean"/>
					<DistClean command="/usr/bin/make -j12 -f &quot;/home/laravelk/project_tprt/Makefile&quot;  VERBOSE=1 clean"/>
				</MakeCommands>
			</Target>
			<Target title="rebuild_cache">
				<Option working_dir="/home/laravelk/project_tprt"/>
				<Option type="4"/>
				<MakeCommands>
					<Build command="/usr/bin/make -j12 -f &quot;/home/laravelk/project_tprt/Makefile&quot;  VERBOSE=1 rebuild_cache"/>
					<CompileFile command="/usr/bin/make -j12 -f &quot;/home/laravelk/project_tprt/Makefile&quot;  VERBOSE=1 &quot;$file&quot;"/>
					<Clean command="/usr/bin/make -j12 -f &quot;/home/laravelk/project_tprt/Makefile&quot;  VERBOSE=1 clean"/>
					<DistClean command="/usr/bin/make -j12 -f &quot;/home/laravelk/project_tprt/Makefile&quot;  VERBOSE=1 clean"/>
				</MakeCommands>
			</Target>
			<Target title="edit_cache">
				<Option working_dir="/home/laravelk/project_tprt"/>
				<Option type="4"/>
				<MakeCommands>
					<Build command="/usr/bin/make -j12 -f &quot;/home/laravelk/project_tprt/Makefile&quot;  VERBOSE=1 edit_cache"/>
					<CompileFile command="/usr/bin/make -j12 -f &quot;/home/laravelk/project_tprt/Makefile&quot;  VERBOSE=1 &quot;$file&quot;"/>
					<Clean command="/usr/bin/make -j12 -f &quot;/home/laravelk/project_tprt/Makefile&quot;  VERBOSE=1 clean"/>
					<DistClean command="/usr/bin/make -j12 -f &quot;/home/laravelk/project_tprt/Makefile&quot;  VERBOSE=1 clean"/>
				</MakeCommands>
			</Target>
			<Target title="tprt">
				<Option output="/home/laravelk/project_tprt/tprt" prefix_auto="0" extension_auto="0"/>
				<Option working_dir="/home/laravelk/project_tprt"/>
				<Option object_output="./"/>
				<Option type="1"/>
				<Option compiler="gcc"/>
				<Compiler>
					<Add option="-DNLOPT_DLL"/>
					<Add option="-DBOOST_ALL_NO_LIB"/>
					<Add directory="/usr/local/include/eigen3"/>
					<Add directory="/usr/include/c++/9"/>
					<Add directory="/usr/include/x86_64-linux-gnu/c++/9"/>
					<Add directory="/usr/include/c++/9/backward"/>
					<Add directory="/usr/lib/gcc/x86_64-linux-gnu/9/include"/>
					<Add directory="/usr/local/include"/>
					<Add directory="/usr/include/x86_64-linux-gnu"/>
					<Add directory="/usr/include"/>
				</Compiler>
				<MakeCommands>
					<Build command="/usr/bin/make -j12 -f &quot;/home/laravelk/project_tprt/Makefile&quot;  VERBOSE=1 tprt"/>
					<CompileFile command="/usr/bin/make -j12 -f &quot;/home/laravelk/project_tprt/Makefile&quot;  VERBOSE=1 &quot;$file&quot;"/>
					<Clean command="/usr/bin/make -j12 -f &quot;/home/laravelk/project_tprt/Makefile&quot;  VERBOSE=1 clean"/>
					<DistClean command="/usr/bin/make -j12 -f &quot;/home/laravelk/project_tprt/Makefile&quot;  VERBOSE=1 clean"/>
				</MakeCommands>
			</Target>
			<Target title="tprt/fast">
				<Option output="/home/laravelk/project_tprt/tprt" prefix_auto="0" extension_auto="0"/>
				<Option working_dir="/home/laravelk/project_tprt"/>
				<Option object_output="./"/>
				<Option type="1"/>
				<Option compiler="gcc"/>
				<Compiler>
					<Add option="-DNLOPT_DLL"/>
					<Add option="-DBOOST_ALL_NO_LIB"/>
					<Add directory="/usr/local/include/eigen3"/>
					<Add directory="/usr/include/c++/9"/>
					<Add directory="/usr/include/x86_64-linux-gnu/c++/9"/>
					<Add directory="/usr/include/c++/9/backward"/>
					<Add directory="/usr/lib/gcc/x86_64-linux-gnu/9/include"/>
					<Add directory="/usr/local/include"/>
					<Add directory="/usr/include/x86_64-linux-gnu"/>
					<Add directory="/usr/include"/>
				</Compiler>
				<MakeCommands>
					<Build command="/usr/bin/make -j12 -f &quot;/home/laravelk/project_tprt/Makefile&quot;  VERBOSE=1 tprt/fast"/>
					<CompileFile command="/usr/bin/make -j12 -f &quot;/home/laravelk/project_tprt/Makefile&quot;  VERBOSE=1 &quot;$file&quot;"/>
					<Clean command="/usr/bin/make -j12 -f &quot;/home/laravelk/project_tprt/Makefile&quot;  VERBOSE=1 clean"/>
					<DistClean command="/usr/bin/make -j12 -f &quot;/home/laravelk/project_tprt/Makefile&quot;  VERBOSE=1 clean"/>
				</MakeCommands>
			</Target>
		</Build>
		<Unit filename="/home/laravelk/project_tprt/Data/Horizon/FlatHorizon.cpp">
			<Option target="tprt"/>
		</Unit>
		<Unit filename="/home/laravelk/project_tprt/Data/Horizon/FlatHorizon.hpp">
			<Option target="tprt"/>
		</Unit>
		<Unit filename="/home/laravelk/project_tprt/Data/Horizon/GridHorizon.cpp">
			<Option target="tprt"/>
		</Unit>
		<Unit filename="/home/laravelk/project_tprt/Data/Horizon/GridHorizon.h">
			<Option target="tprt"/>
		</Unit>
		<Unit filename="/home/laravelk/project_tprt/Data/Horizon/Horizon.h">
			<Option target="tprt"/>
		</Unit>
		<Unit filename="/home/laravelk/project_tprt/Data/Layer.cpp">
			<Option target="tprt"/>
		</Unit>
		<Unit filename="/home/laravelk/project_tprt/Data/Layer.hpp">
			<Option target="tprt"/>
		</Unit>
		<Unit filename="/home/laravelk/project_tprt/Data/Model/ModelTransformation.h">
			<Option target="tprt"/>
		</Unit>
		<Unit filename="/home/laravelk/project_tprt/Data/Receiver.cpp">
			<Option target="tprt"/>
		</Unit>
		<Unit filename="/home/laravelk/project_tprt/Data/Receiver.hpp">
			<Option target="tprt"/>
		</Unit>
		<Unit filename="/home/laravelk/project_tprt/Data/Source.cpp">
			<Option target="tprt"/>
		</Unit>
		<Unit filename="/home/laravelk/project_tprt/Data/Source.hpp">
			<Option target="tprt"/>
		</Unit>
		<Unit filename="/home/laravelk/project_tprt/Data/VelocityModel.cpp">
			<Option target="tprt"/>
		</Unit>
		<Unit filename="/home/laravelk/project_tprt/Data/VelocityModel.hpp">
			<Option target="tprt"/>
		</Unit>
		<Unit filename="/home/laravelk/project_tprt/Math/C_IJ_Matrix.h">
			<Option target="tprt"/>
		</Unit>
		<Unit filename="/home/laravelk/project_tprt/Math/Derivative.h">
			<Option target="tprt"/>
		</Unit>
		<Unit filename="/home/laravelk/project_tprt/Math/Optimize.h">
			<Option target="tprt"/>
		</Unit>
		<Unit filename="/home/laravelk/project_tprt/Ray/Ray.cpp">
			<Option target="tprt"/>
		</Unit>
		<Unit filename="/home/laravelk/project_tprt/Ray/Ray.hpp">
			<Option target="tprt"/>
		</Unit>
		<Unit filename="/home/laravelk/project_tprt/Ray/RayData.h">
			<Option target="tprt"/>
		</Unit>
		<Unit filename="/home/laravelk/project_tprt/Ray/WaveType.h">
			<Option target="tprt"/>
		</Unit>
		<Unit filename="/home/laravelk/project_tprt/Test/TestCase.cpp">
			<Option target="tprt"/>
		</Unit>
		<Unit filename="/home/laravelk/project_tprt/Test/TestCase.h">
			<Option target="tprt"/>
		</Unit>
		<Unit filename="/home/laravelk/project_tprt/main.cpp">
			<Option target="tprt"/>
		</Unit>
		<Unit filename="/home/laravelk/project_tprt/CMakeLists.txt">
			<Option virtualFolder="CMake Files\"/>
		</Unit>
		<Unit filename="/home/laravelk/project_tprt/../../../usr/local/share/eigen3/cmake/Eigen3Config.cmake">
			<Option virtualFolder="CMake Files\..\..\..\usr\local\share\eigen3\cmake\"/>
		</Unit>
		<Unit filename="/home/laravelk/project_tprt/../../../usr/local/share/eigen3/cmake/Eigen3ConfigVersion.cmake">
			<Option virtualFolder="CMake Files\..\..\..\usr\local\share\eigen3\cmake\"/>
		</Unit>
		<Unit filename="/home/laravelk/project_tprt/../../../usr/local/share/eigen3/cmake/Eigen3Targets.cmake">
			<Option virtualFolder="CMake Files\..\..\..\usr\local\share\eigen3\cmake\"/>
		</Unit>
		<Unit filename="/home/laravelk/project_tprt/../../../usr/local/share/segyio/cmake/segyio-config-release.cmake">
			<Option virtualFolder="CMake Files\..\..\..\usr\local\share\segyio\cmake\"/>
		</Unit>
		<Unit filename="/home/laravelk/project_tprt/../../../usr/local/share/segyio/cmake/segyio-config.cmake">
			<Option virtualFolder="CMake Files\..\..\..\usr\local\share\segyio\cmake\"/>
		</Unit>
		<Unit filename="/home/laravelk/project_tprt/../../../usr/local/lib/cmake/nlopt/NLoptConfig.cmake">
			<Option virtualFolder="CMake Files\..\..\..\usr\local\lib\cmake\nlopt\"/>
		</Unit>
		<Unit filename="/home/laravelk/project_tprt/../../../usr/local/lib/cmake/nlopt/NLoptConfigVersion.cmake">
			<Option virtualFolder="CMake Files\..\..\..\usr\local\lib\cmake\nlopt\"/>
		</Unit>
		<Unit filename="/home/laravelk/project_tprt/../../../usr/local/lib/cmake/nlopt/NLoptLibraryDepends-release.cmake">
			<Option virtualFolder="CMake Files\..\..\..\usr\local\lib\cmake\nlopt\"/>
		</Unit>
		<Unit filename="/home/laravelk/project_tprt/../../../usr/local/lib/cmake/nlopt/NLoptLibraryDepends.cmake">
			<Option virtualFolder="CMake Files\..\..\..\usr\local\lib\cmake\nlopt\"/>
		</Unit>
		<Unit filename="/home/laravelk/project_tprt/../../../usr/local/cmake/libInterpolateConfig.cmake">
			<Option virtualFolder="CMake Files\..\..\..\usr\local\cmake\"/>
		</Unit>
		<Unit filename="/home/laravelk/project_tprt/../../../usr/local/cmake/libInterpolateConfigVersion.cmake">
			<Option virtualFolder="CMake Files\..\..\..\usr\local\cmake\"/>
		</Unit>
		<Unit filename="/home/laravelk/project_tprt/../../../usr/local/cmake/libInterpolateTargets.cmake">
			<Option virtualFolder="CMake Files\..\..\..\usr\local\cmake\"/>
		</Unit>
		<Unit filename="/home/laravelk/project_tprt/../../../usr/lib/x86_64-linux-gnu/cmake/Boost-1.71.0/BoostConfig.cmake">
			<Option virtualFolder="CMake Files\..\..\..\usr\lib\x86_64-linux-gnu\cmake\Boost-1.71.0\"/>
		</Unit>
		<Unit filename="/home/laravelk/project_tprt/../../../usr/lib/x86_64-linux-gnu/cmake/Boost-1.71.0/BoostConfigVersion.cmake">
			<Option virtualFolder="CMake Files\..\..\..\usr\lib\x86_64-linux-gnu\cmake\Boost-1.71.0\"/>
		</Unit>
		<Unit filename="/home/laravelk/project_tprt/../../../usr/lib/x86_64-linux-gnu/cmake/boost_headers-1.71.0/boost_headers-config-version.cmake">
			<Option virtualFolder="CMake Files\..\..\..\usr\lib\x86_64-linux-gnu\cmake\boost_headers-1.71.0\"/>
		</Unit>
		<Unit filename="/home/laravelk/project_tprt/../../../usr/lib/x86_64-linux-gnu/cmake/boost_headers-1.71.0/boost_headers-config.cmake">
			<Option virtualFolder="CMake Files\..\..\..\usr\lib\x86_64-linux-gnu\cmake\boost_headers-1.71.0\"/>
		</Unit>
		<Unit filename="/home/laravelk/project_tprt/../../../usr/lib/cmake/RapidJSON/RapidJSONConfig.cmake">
			<Option virtualFolder="CMake Files\..\..\..\usr\lib\cmake\RapidJSON\"/>
		</Unit>
		<Unit filename="/home/laravelk/project_tprt/../../../usr/lib/cmake/RapidJSON/RapidJSONConfigVersion.cmake">
			<Option virtualFolder="CMake Files\..\..\..\usr\lib\cmake\RapidJSON\"/>
		</Unit>
	</Project>
</CodeBlocks_project_file>
